{
    "_meta": {
        "hash": {
            "sha256": "c5138995ca572542062f035ed44cae8272553ef6ea972034abcb1b093b02e634"
        },
        "pipfile-spec": 6,
        "requires": {
            "python_version": "3.10"
        },
        "sources": [
            {
                "name": "pypi",
                "url": "https://pypi.org/simple",
                "verify_ssl": true
            }
        ]
    },
    "default": {
        "dill": {
            "hashes": [
                "sha256:0633f1d2df477324f53a895b02c901fb961bdbf65a17122586ea7019292cbcf0",
                "sha256:44f54bf6412c2c8464c14e8243eb163690a9800dbe2c367330883b19c7561049"
            ],
            "markers": "python_version >= '3.8'",
            "version": "==0.4.0"
        },
        "mpmath": {
            "hashes": [
                "sha256:7a28eb2a9774d00c7bc92411c19a89209d5da7c4c9a9e227be8330a23a25b91f",
                "sha256:a0b2b9fe80bbcd81a6647ff13108738cfb482d481d826cc0e02f5b35e5c88d2c"
            ],
            "version": "==1.3.0"
        },
        "numpy": {
            "hashes": [
                "sha256:06d4fb37a8d383b769281714897420c5cc3545c79dc427df57fc9b852ee0bf58",
                "sha256:0898c67a58cdaaf29994bc0e2c65230fd4de0ac40afaf1584ed0b02cd74c6fdd",
                "sha256:0eba4a1ea88f9a6f30f56fdafdeb8da3774349eacddab9581a21234b8535d3d3",
                "sha256:2393a914db64b0ead0ab80c962e42d09d5f385802006a6c87835acb1f58adb96",
                "sha256:2e6a1409eee0cb0316cb64640a49a49ca44deb1a537e6b1121dc7c458a1299a8",
                "sha256:33a5a12a45bb82d9997e2c0b12adae97507ad7c347546190a18ff14c28bbca12",
                "sha256:389b85335838155a9076e9ad7f8fdba0827496ec2d2dc32ce69ce7898bde03ba",
                "sha256:39b27d8b38942a647f048b675f134dd5a567f95bfff481f9109ec308515c51d8",
                "sha256:43c55b6a860b0eb44d42341438b03513cf3879cb3617afb749ad49307e164edd",
                "sha256:46d16f72c2192da7b83984aa5455baee640e33a9f1e61e656f29adf55e406c2b",
                "sha256:48a2e8eaf76364c32a1feaa60d6925eaf32ed7a040183b807e02674305beef61",
                "sha256:4d8d294287fdf685281e671886c6dcdf0291a7c19db3e5cb4178d07ccf6ecc67",
                "sha256:4dc58865623023b63b10d52f18abaac3729346a7a46a778381e0e3af4b7f3beb",
                "sha256:50080245365d75137a2bf46151e975de63146ae6d79f7e6bd5c0e85c9931d06a",
                "sha256:54dfc8681c1906d239e95ab1508d0a533c4a9505e52ee2d71a5472b04437ef97",
                "sha256:5754ab5595bfa2c2387d241296e0381c21f44a4b90a776c3c1d39eede13a746a",
                "sha256:5814a0f43e70c061f47abd5857d120179609ddc32a613138cbb6c4e9e2dbdda5",
                "sha256:581f87f9e9e9db2cba2141400e160e9dd644ee248788d6f90636eeb8fd9260a6",
                "sha256:622a65d40d8eb427d8e722fd410ac3ad4958002f109230bc714fa551044ebae2",
                "sha256:6295f81f093b7f5769d1728a6bd8bf7466de2adfa771ede944ce6711382b89dc",
                "sha256:690d0a5b60a47e1f9dcec7b77750a4854c0d690e9058b7bef3106e3ae9117808",
                "sha256:7729c8008d55e80784bd113787ce876ca117185c579c0d626f59b87d433ea779",
                "sha256:80b46117c7359de8167cc00a2c7d823bdd505e8c7727ae0871025a86d668283b",
                "sha256:81ae0bf2564cf475f94be4a27ef7bcf8af0c3e28da46770fc904da9abd5279b5",
                "sha256:87717eb24d4a8a64683b7a4e91ace04e2f5c7c77872f823f02a94feee186168f",
                "sha256:8b51ead2b258284458e570942137155978583e407babc22e3d0ed7af33ce06f8",
                "sha256:9498f60cd6bb8238d8eaf468a3d5bb031d34cd12556af53510f05fcf581c1b7e",
                "sha256:99224862d1412d2562248d4710126355d3a8db7672170a39d6909ac47687a8a4",
                "sha256:a0be278be9307c4ab06b788f2a077f05e180aea817b3e41cebbd5aaf7bd85ed3",
                "sha256:aaf81c7b82c73bd9b45e79cfb9476cb9c29e937494bfe9092c26aece812818ad",
                "sha256:aba48d17e87688a765ab1cd557882052f238e2f36545dfa8e29e6a91aef77afe",
                "sha256:b0f1f11d0a1da54927436505a5a7670b154eac27f5672afc389661013dfe3d4f",
                "sha256:b9446d9d8505aadadb686d51d838f2b6688c9e85636a0c3abaeb55ed54756459",
                "sha256:ba17f93a94e503551f154de210e4d50c5e3ee20f7e7a1b5f6ce3f22d419b93bb",
                "sha256:bd8df082b6c4695753ad6193018c05aac465d634834dca47a3ae06d4bb22d9ea",
                "sha256:c24bb4113c66936eeaa0dc1e47c74770453d34f46ee07ae4efd853a2ed1ad10a",
                "sha256:c39ec392b5db5088259c68250e342612db82dc80ce044cf16496cf14cf6bc6f8",
                "sha256:c3c9fdde0fa18afa1099d6257eb82890ea4f3102847e692193b54e00312a9ae9",
                "sha256:c8738baa52505fa6e82778580b23f945e3578412554d937093eac9205e845e6e",
                "sha256:d11fa02f77752d8099573d64e5fe33de3229b6632036ec08f7080f46b6649959",
                "sha256:d344ca32ab482bcf8735d8f95091ad081f97120546f3d250240868430ce52555",
                "sha256:d8fa264d56882b59dcb5ea4d6ab6f31d0c58a57b41aec605848b6eb2ef4a43e8",
                "sha256:df470d376f54e052c76517393fa443758fefcdd634645bc9c1f84eafc67087f0",
                "sha256:e017a8a251ff4d18d71f139e28bdc7c31edba7a507f72b1414ed902cbe48c74d",
                "sha256:e43c3cce3b6ae5f94696669ff2a6eafd9a6b9332008bafa4117af70f4b88be6f",
                "sha256:e651756066a0eaf900916497e20e02fe1ae544187cb0fe88de981671ee7f6270",
                "sha256:e6648078bdd974ef5d15cecc31b0c410e2e24178a6e10bf511e0557eed0f2570",
                "sha256:ee9d3ee70d62827bc91f3ea5eee33153212c41f639918550ac0475e3588da59f",
                "sha256:ef6c1e88fd6b81ac6d215ed71dc8cd027e54d4bf1d2682d362449097156267a2",
                "sha256:f14e016d9409680959691c109be98c436c6249eaf7f118b424679793607b5944",
                "sha256:f420033a20b4f6a2a11f585f93c843ac40686a7c3fa514060a97d9de93e5e72b"
            ],
            "markers": "python_version >= '3.11'",
            "version": "==2.3.0"
        },
        "pbr": {
            "hashes": [
                "sha256:38d4daea5d9fa63b3f626131b9d34947fd0c8be9b05a29276870580050a25a76",
                "sha256:93ea72ce6989eb2eed99d0f75721474f69ad88128afdef5ac377eb797c4bf76b"
            ],
            "markers": "python_version >= '2.6'",
            "version": "==6.1.1"
        },
        "psutil": {
            "hashes": [
                "sha256:101d71dc322e3cffd7cea0650b09b3d08b8e7c4109dd6809fe452dfd00e58b25",
                "sha256:1e744154a6580bc968a0195fd25e80432d3afec619daf145b9e5ba16cc1d688e",
                "sha256:1fcee592b4c6f146991ca55919ea3d1f8926497a713ed7faaf8225e174581e91",
                "sha256:39db632f6bb862eeccf56660871433e111b6ea58f2caea825571951d4b6aa3da",
                "sha256:4b1388a4f6875d7e2aff5c4ca1cc16c545ed41dd8bb596cefea80111db353a34",
                "sha256:4cf3d4eb1aa9b348dec30105c55cd9b7d4629285735a102beb4441e38db90553",
                "sha256:7be9c3eba38beccb6495ea33afd982a44074b78f28c434a1f51cc07fd315c456",
                "sha256:84df4eb63e16849689f76b1ffcb36db7b8de703d1bc1fe41773db487621b6c17",
                "sha256:a5f098451abc2828f7dc6b58d44b532b22f2088f4999a937557b603ce72b1993",
                "sha256:ba3fcef7523064a6c9da440fc4d6bd07da93ac726b5733c29027d7dc95b39d99"
            ],
            "markers": "python_version >= '3.6'",
            "version": "==7.0.0"
        },
        "python-dateutil": {
            "hashes": [
                "sha256:37dd54208da7e1cd875388217d5e00ebd4179249f90fb72437e91a35459a0ad3",
                "sha256:a8b2bc7bffae282281c8140a97d3aa9c14da0b136dfe83f850eea9a5f7470427"
            ],
            "markers": "python_version >= '2.7' and python_version not in '3.0, 3.1, 3.2'",
            "version": "==2.9.0.post0"
        },
        "qiskit": {
            "hashes": [
                "sha256:3a8a5f9417a319b71fb3cf3e1bfb6a434c0a075626b7eb23ea2fa58d1c3d7cd7",
                "sha256:4845436812540853c8f08f87f4a36243315bcfc00beac665f0ecaddd3d64edb3",
                "sha256:59c9b0daaf745307e6449b7907b8c38a6a07eba905bd9496c02ce12a6a37f6ae",
                "sha256:b6a4e81da0b9db367316e4d76719f9252b2416f09be038dce03f7fc2740439a5",
                "sha256:bba21f4cae1554ba72b09f7d9a35639c1776f1c43339c6750af93e7395069168",
                "sha256:eaa98892ead3e57cdff587406484d1e13832520be41a406f3502eab9eb212a13",
                "sha256:ebfc1ffe707b64aa4b27adb76afad506c91709b96e97d99133c8c4579660d81f",
                "sha256:fa016bc34619f9f58af06be79a6f2634eacc095f0a3e2e29cef9f00b451ca267"
            ],
            "index": "pypi",
            "markers": "python_version >= '3.9'",
            "version": "==2.0.3"
        },
        "qiskit-aer": {
            "hashes": [
                "sha256:16615593945191f361a788aad108ae2f3b698a1433b97ed8ed97b1abc754f600",
                "sha256:19fa2ec1e8cca0ba0b3b62c50ee502b50e8347a54aa8461ed4dd98e7ee59d257",
                "sha256:26f212601f0d5417e055f05decf5a4816271e9b6b0df10347ca1aa640f15c9f8",
                "sha256:27568479515d5cb24290803149fe369dac1e3bd3e28057cba27dca38f3424db0",
                "sha256:2bef6e7b5ab62e2b5d09b4611f9d3268ab87cb5f8ca2af5a3949ea3f793e966d",
                "sha256:31931f4d7b084c40c91bb697822e08862070de076cf49b6737b6ef0af57000fe",
                "sha256:3816f225891cc30a66addefed3bf86bb537a579600e6131925fa71b38ba62324",
                "sha256:3fb944014591927f88a7cd8af60795e6e6f97233586ecb9eb9cafb6f818e4fa0",
                "sha256:4201015430d199b4512060c495f54e63dce72397b71f037a7954d2fd2761829f",
                "sha256:454c7b8563b26e827bd475e3095db443a331acd34d61c8e0a142c722f805e1ac",
                "sha256:46589420f41e091fddda1230adb7ee293cdd59c32a70bcf0efd13d5e885760b1",
                "sha256:491c598bae41300a37df80050b81d5097ca27060e7c4e876b853e30f056d2a07",
                "sha256:4bac894b887a06a812b4a2d5f4af10e47f6fbc0d4f85c35cc79074b624eac13a",
                "sha256:4de47d5a23e283e6cea44186002ab296212c4d837705c528818fbb6cfd28c185",
                "sha256:5592568cf2f050d2be32c0453a998d0e6154f5e1235b887a1bc6ee424aaf877b",
                "sha256:71277041c3c288cbf3938ac141882a5d71d097dbd73202b7aa1b68034a922f5b",
                "sha256:73ac5e973946fc1c77154ec2213fafa821e748bd5dae1866bc465ba9f0617c71",
                "sha256:7637a97c40c60d822457f0b3af79303acd8f7cbdeb1cf21fba771724e4fe6201",
                "sha256:78cdc15598f197d74f419fc745b585d846c1d00abb5ad8558e2cff95372fe666",
                "sha256:7a03fee83c79c11830c816b5eed66e8d0fdb377c7017bb7e10bf77b0ce617d2f",
                "sha256:85486c7a8796247000c2fa38f19073af81be783bb2b7fb168401d483649d09fc",
                "sha256:9ad7aa73d66f4dfedcd9fecd0c8e5e59f95aedfefae80d1fcd30d814aee568c1",
                "sha256:a8a64cf24d296f55c6c0d2245e07346eaae0d8f7dabcc032468910abde6f45a3",
                "sha256:a8bd3e4cbbf713bb62542b3bf1f36d3aba51db73cbcf8dd3fd31a28d4895f00d",
                "sha256:adbb49c16909b52881e9d83e7cd270ebe38110210ad7c709cb91b38438bc696b",
                "sha256:ae4db8490e9d0be1d762f97d48f239d521011ae1ce2a17eef4c37f03327daa2c",
                "sha256:b64435e85efdf78880b0307eedf305b26a26687f8662c1a0ce2260d5919a90f0",
                "sha256:bf023d8394ce3241552c88086a06359a4f260af3a4a40c99be00afe3e538b252",
                "sha256:bf0bfd91b932eed421f4e86f8dc4a827025325a1b4fc286366725240abc677af",
                "sha256:cb2f2e7a45d2904c692cf67bf6d118a7e7f6f05e3141381ac99fe182c9fa6fbc",
                "sha256:cc2c63d89ffc0a910a4c51a05c69688b622d15afbd5da81de247826baac42624",
                "sha256:dda1b166f822f6846e6c5a2be3e5cd6bf6d767175cda378ef05f4acbe70a5cf5",
                "sha256:de793b75f19d762981198d6c770c991a5d4e0d32bc1768416cfa1520e28bdcf8",
                "sha256:e42b44dc688650c6fc5c26488cd31569e9c0ac6a1e471f62c9ef2b806f2c6e28",
                "sha256:e816a47058f92dc9bcb347f72ed28288cf240b0351db0d63a8900811d2a4c1d6",
                "sha256:ea9996841f5a256a4d7e22f8c8d375f5099d1c3069b4bebfb8250ef5773412d6",
                "sha256:eb1ff2fac1529a2513faf31e08311e3b908a17241d4b312a34fcdc5a965cb9b4",
                "sha256:f32abcd33872388cf3735c267901abcb60f3f66584bc401802434b6e03659145",
                "sha256:f50eaa64c2559a50e272b0f0fb2c793fde63de222e95f51279134348a1cf50a0",
                "sha256:faaa019be9cb6dede838e8533c4bd58e73e963071edf9ab2db7614d4fb01549e"
            ],
            "index": "pypi",
            "markers": "python_version >= '3.7'",
            "version": "==0.17.1"
        },
        "rustworkx": {
            "hashes": [
                "sha256:040c4368729cf502f756a3b0ff5f1c6915fc389f74dcc6afc6c3833688c97c01",
                "sha256:0db3a73bf68b3e66c08322a2fc95d3aa663d037d9b4e49c3509da4898d3529cc",
                "sha256:293180b83509ee9bff4c3af7ccc1024f6528d61b65d0cb7320bd31924f10cb71",
                "sha256:476a6c67b0142acd941691943750cc6737a48372304489969c2b62d30aaf4c27",
                "sha256:4f12a13d7486234fa2a84746d5e41f436bf9df43548043e7a232f48804ff8c61",
                "sha256:89efd5c3a4653ddacc55ca39f28b261d43deec7d678f8f8fc6b76b5087f1dfea",
                "sha256:905df608843c32fa45ac023687769fe13056edf7584474c801d5c50705d76e9b",
                "sha256:9f0dcb83f38d5ca2c3a683eb9b6951c8aec3262fbfe5141946a7ee5ba37e0bb6",
                "sha256:bef2ef42870f806af93979b457e240f6dfa4f867ca33965c620f3a804409ed3a",
                "sha256:d650e39fc1a1534335f7517358ebfc3478bb235428463cfcd7c5750d50377b33",
                "sha256:ec0c12aac8c54910ace20ac6ada4b890cd39f95f69100514715f8ad7af9041e4"
            ],
            "markers": "python_version >= '3.9'",
            "version": "==0.16.0"
        },
        "scipy": {
            "hashes": [
                "sha256:05dc6abcd105e1a29f95eada46d4a3f251743cfd7d3ae8ddb4088047f24ea477",
                "sha256:06efcba926324df1696931a57a176c80848ccd67ce6ad020c810736bfd58eb1c",
                "sha256:0a769105537aa07a69468a0eefcd121be52006db61cdd8cac8a0e68980bbb723",
                "sha256:0bdd905264c0c9cfa74a4772cdb2070171790381a5c4d312c973382fc6eaf730",
                "sha256:0ff17c0bb1cb32952c09217d8d1eed9b53d1463e5f1dd6052c7857f83127d539",
                "sha256:14ed70039d182f411ffc74789a16df3835e05dc469b898233a245cdfd7f162cb",
                "sha256:185cd3d6d05ca4b44a8f1595af87f9c372bb6acf9c808e99aa3e9aa03bd98cf6",
                "sha256:18aaacb735ab38b38db42cb01f6b92a2d0d4b6aabefeb07f02849e47f8fb3594",
                "sha256:1c832e1bd78dea67d5c16f786681b28dd695a8cb1fb90af2e27580d3d0967e92",
                "sha256:263961f658ce2165bbd7b99fa5135195c3a12d9bef045345016b8b50c315cb82",
                "sha256:271e3713e645149ea5ea3e97b57fdab61ce61333f97cfae392c28ba786f9bb49",
                "sha256:2c620736bcc334782e24d173c0fdbb7590a0a436d2fdf39310a8902505008759",
                "sha256:34716e281f181a02341ddeaad584205bd2fd3c242063bd3423d61ac259ca7eba",
                "sha256:39cb9c62e471b1bb3750066ecc3a3f3052b37751c7c3dfd0fd7e48900ed52982",
                "sha256:3ac07623267feb3ae308487c260ac684b32ea35fd81e12845039952f558047b8",
                "sha256:3b0334816afb8b91dab859281b1b9786934392aa3d527cd847e41bb6f45bee65",
                "sha256:40e54d5c7e7ebf1aa596c374c49fa3135f04648a0caabcb66c52884b943f02b4",
                "sha256:50f9e62461c95d933d5c5ef4a1f2ebf9a2b4e83b0db374cb3f1de104d935922e",
                "sha256:52092bc0472cfd17df49ff17e70624345efece4e1a12b23783a1ac59a1b728ed",
                "sha256:5380741e53df2c566f4d234b100a484b420af85deb39ea35a1cc1be84ff53a5c",
                "sha256:5e721fed53187e71d0ccf382b6bf977644c533e506c4d33c3fb24de89f5c3ed5",
                "sha256:6487aa99c2a3d509a5227d9a5e889ff05830a06b2ce08ec30df6d79db5fcd5c5",
                "sha256:6ac6310fdbfb7aa6612408bd2f07295bcbd3fda00d2d702178434751fe48e019",
                "sha256:6cfd56fc1a8e53f6e89ba3a7a7251f7396412d655bca2aa5611c8ec9a6784a1e",
                "sha256:6db907c7368e3092e24919b5e31c76998b0ce1684d51a90943cb0ed1b4ffd6c1",
                "sha256:721d6b4ef5dc82ca8968c25b111e307083d7ca9091bc38163fb89243e85e3889",
                "sha256:76ad1fb5f8752eabf0fa02e4cc0336b4e8f021e2d5f061ed37d6d264db35e3ca",
                "sha256:79167bba085c31f38603e11a267d862957cbb3ce018d8b38f79ac043bc92d825",
                "sha256:795c46999bae845966368a3c013e0e00947932d68e235702b5c3f6ea799aa8c9",
                "sha256:7e11270a000969409d37ed399585ee530b9ef6aa99d50c019de4cb01e8e54e62",
                "sha256:8c9ed3ba2c8a2ce098163a9bdb26f891746d02136995df25227a20e71c396ebb",
                "sha256:993439ce220d25e3696d1b23b233dd010169b62f6456488567e830654ee37a6b",
                "sha256:9d61e97b186a57350f6d6fd72640f9e99d5a4a2b8fbf4b9ee9a841eab327dc13",
                "sha256:9db984639887e3dffb3928d118145ffe40eff2fa40cb241a306ec57c219ebbbb",
                "sha256:9e2abc762b0811e09a0d3258abee2d98e0c703eee49464ce0069590846f31d40",
                "sha256:a345928c86d535060c9c2b25e71e87c39ab2f22fc96e9636bd74d1dbf9de448c",
                "sha256:ad3432cb0f9ed87477a8d97f03b763fd1d57709f1bbde3c9369b1dff5503b253",
                "sha256:ae48a786a28412d744c62fd7816a4118ef97e5be0bee968ce8f0a2fba7acf3bb",
                "sha256:aef683a9ae6eb00728a542b796f52a5477b78252edede72b8327a886ab63293f",
                "sha256:b90ab29d0c37ec9bf55424c064312930ca5f4bde15ee8619ee44e69319aab163",
                "sha256:c05045d8b9bfd807ee1b9f38761993297b10b245f012b11b13b91ba8945f7e45",
                "sha256:c9deabd6d547aee2c9a81dee6cc96c6d7e9a9b1953f74850c179f91fdc729cb7",
                "sha256:dde4fc32993071ac0c7dd2d82569e544f0bdaff66269cb475e0f369adad13f11",
                "sha256:eae3cf522bc7df64b42cad3925c876e1b0b6c35c1337c93e12c0f366f55b0eaf",
                "sha256:ed7284b21a7a0c8f1b6e5977ac05396c0d008b89e05498c8b7e8f4a1423bba0e",
                "sha256:f77f853d584e72e874d87357ad70f44b437331507d1c311457bed8ed2b956126"
            ],
            "markers": "python_version >= '3.10'",
            "version": "==1.15.3"
        },
        "setuptools": {
            "hashes": [
                "sha256:062d34222ad13e0cc312a4c02d73f059e86a4acbfbdea8f8f76b28c99f306922",
                "sha256:f36b47402ecde768dbfafc46e8e4207b4360c654f1f3bb84475f0a28628fb19c"
            ],
            "markers": "python_version >= '3.9'",
            "version": "==80.9.0"
        },
        "six": {
            "hashes": [
                "sha256:4721f391ed90541fddacab5acf947aa0d3dc7d27b2e1e8eda2be8970586c3274",
                "sha256:ff70335d468e7eb6ec65b95b99d3a2836546063f63acc5171de367e834932a81"
            ],
            "markers": "python_version >= '2.7' and python_version not in '3.0, 3.1, 3.2'",
            "version": "==1.17.0"
        },
        "stevedore": {
            "hashes": [
                "sha256:3135b5ae50fe12816ef291baff420acb727fcd356106e3e9cbfa9e5985cd6f4b",
                "sha256:d10a31c7b86cba16c1f6e8d15416955fc797052351a56af15e608ad20811fcfe"
            ],
            "markers": "python_version >= '3.9'",
            "version": "==5.4.1"
        },
        "symengine": {
            "hashes": [
                "sha256:12727f02a2919f005aee48e68e0cbb70cf857b19385857b4d985d1c9b075f620",
                "sha256:17ae9d1c781a60ac48d07fa30f39a2d237f9da95e9e81f6a24b1c16908e9cad2",
                "sha256:1848d366b359ff69ef5dac148b30ca04c7339a7d3bcab28419d411e68c0cc011",
                "sha256:1db745f2c7a3c5e83510cf4decb43201f43552dfb05ad8af9787c89708be9ede",
                "sha256:1e435dcd8ed25e4c7c21ab1c0376be910efc7f35da76d532367df27b359f0358",
                "sha256:242f817e890a0a50d52ed6b2bfd1aad19636a58db700c7995bbe1ceeaebd9d08",
                "sha256:259fd4111c7a70c72bdff5686de1949e8132baeb612eacdaf8837720c6fe449b",
                "sha256:27987f75ce08c64f453e2b9b74fec6ffc5ca418c4deca0b75580979d4a4e242a",
                "sha256:35ec68b11c2df2be1a236d0c028edb5b331909b16666d7a9fe99a4a5810afec7",
                "sha256:44f2eb28a1e36db0bbd6679435412f79da9743bf9c1cb3eff25e0c343b7ddd48",
                "sha256:5031eb7a5c6675d5195bb57f93cc7d9ac5a7a9a826d4ad6f6b2927746ed7e6e6",
                "sha256:5264157a95f6d09dd044cee6abcbc176e649c487638b7f32199f387f37ad82a5",
                "sha256:53f27b9013878ee4419d8e853664d8ae4b68419e3f4b9b5b7f503d32bf904755",
                "sha256:5d34df77971538e4c29f2d8e5ef7f459c2179465e6cdb7dfd48b79b87ecd8f4d",
                "sha256:6e371bb2da3867085779c1c21bbb1c85f9634c76c8a76c08562ea113e3dfcd85",
                "sha256:7b3bce486fbc0b87970ed1b10ca9d5cafb1fd6b66382fe631261d83592851d7e",
                "sha256:830226d933bfcdb93546e4062541627d9a3bc7a178a63fb16c002eb5c5221938",
                "sha256:847523de682416811bacb3ad11507e663b3522fbb35cd27184757e9956d0eaf0",
                "sha256:a08090163819a0bbfa97d64bd2d8dac2c5268147ed9c242799d7f7e8728a6f4e",
                "sha256:a41be31816e5e51e9063bf26de07faf3751de7a133dbbec149632de702a28e18",
                "sha256:ab2661d9b18867e7c6edbfa7a74b8b0a2a694bd24aa08003dc3214f77cb9d6f2",
                "sha256:ab83a08897ebf12579702c2b71ba73d4732fb706cc4291d810aedf39c690c14c",
                "sha256:af79cf2b9645fb55216850185987b2e9347db71e42e87b6402e4bbd41710b316",
                "sha256:b0c175f4f895a73a925508af03faf7efd6cad8593256bbdb5346bd996d3ec5c8",
                "sha256:b2572c98b09ac284db6ecff63f6170461194dc94c4209afd34c092ec67873d85",
                "sha256:b4357fed87083e8719fcffd8bd0e7ddd16172e319343362512f681e472ac5668",
                "sha256:bced0a1dbdb94737c299384c85ddbad6944ce8dadc334f7bb8dbbd8f6c965807",
                "sha256:c3b77dc54bf1181f6bd3b3338c4e6e5973a8b0fa20a189d15563ef5626e57b04",
                "sha256:c5615b7eb68890917abd390ebb10434a949165f6064741c1a8cc345fee14e855",
                "sha256:ca7c3f6c168f6f5b06b421833c3d3baae56067a94b671bdffbe09b8e4fefd9be",
                "sha256:ce0e5dfb19943bcf3e44a4485bcac4c5533ba3705c63083494eed0b3bf246076",
                "sha256:cf7c62478b19683d54e4d93faa5b89303beae25db0c503a105a70d266dc99fa9",
                "sha256:cf91d24f1bfd6d53228593c7804dd106b71b19674d5afc4fa322d516e1793bdd",
                "sha256:d141712fa14d9138bd19e64b10392f850c68d88cd7db29f1bda33e32d1095559",
                "sha256:da0eba7e106095cdce88eb275c8a9d7c4586ad88f229394c53e1184155c00745",
                "sha256:e58d1e2abd08381aa0cf24c88c0e8b7f592df92619b51e32d36835fbd2dd6ae8",
                "sha256:e9ea9410330ea15ed4137d7a0a3c43caccacb71490e18036ce5182d08c93baf8",
                "sha256:ec2fc1b7d96426463f0c9011e9fb88459d906477c1baa8a996dde6fb2bfa99d4",
                "sha256:f01a6d0829b4881d5f831ae7848eb0d82b80d8b46b5689f1bf27069672370f75",
                "sha256:f7e6bae9cfcdde2775d92fbb0abe3ef04e32f65ebc4c2d164ca33f4da202d4a7",
                "sha256:fb92bdf0890de264abaeacbfbdbd4dd7444b94057bd47958d913b662e549ad8a",
                "sha256:fdb21158cf3e2ba87e441f21ecc7724f108b8db17c0fd1880f9f531602bab1f3"
            ],
            "markers": "python_version >= '3.8' and python_version < '4'",
            "version": "==0.13.0"
        },
        "sympy": {
            "hashes": [
                "sha256:d3d3fe8df1e5a0b42f0e7bdf50541697dbe7d23746e894990c030e2b05e72517",
                "sha256:e091cc3e99d2141a0ba2847328f5479b05d94a6635cb96148ccb3f34671bd8f5"
            ],
            "markers": "python_version >= '3.9'",
            "version": "==1.14.0"
        },
        "typing-extensions": {
            "hashes": [
                "sha256:8676b788e32f02ab42d9e7c61324048ae4c6d844a399eebace3d4979d75ceef4",
                "sha256:a1514509136dd0b477638fc68d6a91497af5076466ad0fa6c338e44e359944af"
            ],
            "markers": "python_version >= '3.9'",
            "version": "==4.14.0"
        }
    },
    "develop": {}
}
